
Microsoft Visual Studio Solution File, Format Version 12.00
# Visual Studio Version 16
VisualStudioVersion = 16.0.31515.178
MinimumVisualStudioVersion = 10.0.40219.1
Project("{8BC9CEB8-8B4A-11D0-8D11-00A0C91BC942}") = "topbottomk", "topbottomk\topbottomk.vcxproj", "{ABE0CB82-91C8-4D18-AAB7-B7E4E099F14D}"
EndProject
Global
	GlobalSection(SolutionConfigurationPlatforms) = preSolution
		Debug|x64 = Debug|x64
		Debug|x86 = Debug|x86
		Release|x64 = Release|x64
		Release|x86 = Release|x86
	EndGlobalSection
	GlobalSection(ProjectConfigurationPlatforms) = postSolution
		{ABE0CB82-91C8-4D18-AAB7-B7E4E099F14D}.Debug|x64.ActiveCfg = Debug|x64
		{ABE0CB82-91C8-4D18-AAB7-B7E4E099F14D}.Debug|x64.Build.0 = Debug|x64
		{ABE0CB82-91C8-4D18-AAB7-B7E4E099F14D}.Debug|x86.ActiveCfg = Debug|Win32
		{ABE0CB82-91C8-4D18-AAB7-B7E4E099F14D}.Debug|x86.Build.0 = Debug|Win32
		{ABE0CB82-91C8-4D18-AAB7-B7E4E099F14D}.Release|x64.ActiveCfg = Release|x64
		{ABE0CB82-91C8-4D18-AAB7-B7E4E099F14D}.Release|x64.Build.0 = Release|x64
		{ABE0CB82-91C8-4D18-AAB7-B7E4E099F14D}.Release|x86.ActiveCfg = Release|Win32
		{ABE0CB82-91C8-4D18-AAB7-B7E4E099F14D}.Release|x86.Build.0 = Release|Win32
	EndGlobalSection
	GlobalSection(SolutionProperties) = preSolution
		HideSolutionNode = FALSE
	EndGlobalSection
	GlobalSection(ExtensibilityGlobals) = postSolution
		SolutionGuid = {B8E1778D-79C0-49C2-A907-8256A2282161}
	EndGlobalSection
EndGlobal
